
Microsoft Visual Studio Solution File, Format Version 12.00
# Visual Studio Version 17
VisualStudioVersion = 17.11.35312.102
MinimumVisualStudioVersion = 10.0.40219.1
Project("{FAE04EC0-301F-11D3-BF4B-00C04F79EFBC}") = "E-Tour", "E-Tour.csproj", "{B73EDD06-95F4-4D34-8E6A-93322FB863B5}"
EndProject
Global
	GlobalSection(SolutionConfigurationPlatforms) = preSolution
		Debug|Any CPU = Debug|Any CPU
		Release|Any CPU = Release|Any CPU
	EndGlobalSection
	GlobalSection(ProjectConfigurationPlatforms) = postSolution
		{B73EDD06-95F4-4D34-8E6A-93322FB863B5}.Debug|Any CPU.ActiveCfg = Debug|Any CPU
		{B73EDD06-95F4-4D34-8E6A-93322FB863B5}.Debug|Any CPU.Build.0 = Debug|Any CPU
		{B73EDD06-95F4-4D34-8E6A-93322FB863B5}.Release|Any CPU.ActiveCfg = Release|Any CPU
		{B73EDD06-95F4-4D34-8E6A-93322FB863B5}.Release|Any CPU.Build.0 = Release|Any CPU
	EndGlobalSection
	GlobalSection(SolutionProperties) = preSolution
		HideSolutionNode = FALSE
	EndGlobalSection
	GlobalSection(ExtensibilityGlobals) = postSolution
		SolutionGuid = {F7A739D6-5D5F-47E5-874B-DA60D57F95B2}
	EndGlobalSection
EndGlobal
